
Microsoft Visual Studio Solution File, Format Version 12.00
# Visual Studio Version 17
VisualStudioVersion = 17.0.31903.59
MinimumVisualStudioVersion = 10.0.40219.1
Project("{2150E333-8FDC-42A3-9474-1A3956D46DE8}") = "src", "src", "{827E0CD3-B72D-47B6-A68D-7590B98EB39B}"
EndProject
Project("{2150E333-8FDC-42A3-9474-1A3956D46DE8}") = "Domain", "Domain", "{8B290487-4C16-E85E-E807-F579CBE9FC4D}"
EndProject
Project("{FAE04EC0-301F-11D3-BF4B-00C04F79EFBC}") = "Agents.Domain.Core", "src\Domain\Agents.Domain.Core\Agents.Domain.Core.csproj", "{1C02DDF5-4623-4608-9A3A-7EB0459F1F64}"
EndProject
Project("{FAE04EC0-301F-11D3-BF4B-00C04F79EFBC}") = "Agents.Domain.Notification", "src\Domain\Agents.Domain.Notification\Agents.Domain.Notification.csproj", "{4ECD6B58-FE05-4398-91B4-BCC6782B0569}"
EndProject
Project("{FAE04EC0-301F-11D3-BF4B-00C04F79EFBC}") = "Agents.Domain.DevOps", "src\Domain\Agents.Domain.DevOps\Agents.Domain.DevOps.csproj", "{8A9DFB9D-CC4D-41D9-951E-19FDBE9C772C}"
EndProject
Project("{FAE04EC0-301F-11D3-BF4B-00C04F79EFBC}") = "Agents.Domain.TestPlanning", "src\Domain\Agents.Domain.TestPlanning\Agents.Domain.TestPlanning.csproj", "{17A27AF9-AC1D-4C96-BE8B-23C837478865}"
EndProject
Project("{FAE04EC0-301F-11D3-BF4B-00C04F79EFBC}") = "Agents.Domain.Implementation", "src\Domain\Agents.Domain.Implementation\Agents.Domain.Implementation.csproj", "{1E4669A3-2522-4A51-A310-80B2E2B2DFB4}"
EndProject
Project("{FAE04EC0-301F-11D3-BF4B-00C04F79EFBC}") = "Agents.Domain.PromptRegistry", "src\Domain\Agents.Domain.PromptRegistry\Agents.Domain.PromptRegistry.csproj", "{F776E579-0480-47E0-8FF7-CBC9183662A0}"
EndProject
Project("{FAE04EC0-301F-11D3-BF4B-00C04F79EFBC}") = "Agents.Domain.ServiceDesk", "src\Domain\Agents.Domain.ServiceDesk\Agents.Domain.ServiceDesk.csproj", "{E55B1B19-AEE0-47BB-B0C3-71D4455E20AC}"
EndProject
Project("{2150E333-8FDC-42A3-9474-1A3956D46DE8}") = "Application", "Application", "{22BAF98C-8415-17C4-B26A-D537657BC863}"
EndProject
Project("{FAE04EC0-301F-11D3-BF4B-00C04F79EFBC}") = "Agents.Application.Core", "src\Application\Agents.Application.Core\Agents.Application.Core.csproj", "{2A67B4A9-7126-4054-96BB-DC39C06F131C}"
EndProject
Project("{FAE04EC0-301F-11D3-BF4B-00C04F79EFBC}") = "Agents.Infrastructure.SemanticKernel", "src\Infrastructure\Agents.Infrastructure.SemanticKernel\Agents.Infrastructure.SemanticKernel.csproj", "{24D57A1A-23BF-4895-90D2-9AD46F49880E}"
EndProject
Project("{FAE04EC0-301F-11D3-BF4B-00C04F79EFBC}") = "Agents.Shared.Common", "src\Shared\Agents.Shared.Common\Agents.Shared.Common.csproj", "{08AEB97D-36F2-42D8-B7C1-9E17C71025D2}"
EndProject
Project("{FAE04EC0-301F-11D3-BF4B-00C04F79EFBC}") = "Agents.API.Gateway", "src\Presentation\Agents.API.Gateway\Agents.API.Gateway.csproj", "{C58EAFED-6A82-4D07-8FA1-B266D4678D50}"
EndProject
Global
	GlobalSection(SolutionConfigurationPlatforms) = preSolution
		Debug|Any CPU = Debug|Any CPU
		Debug|x64 = Debug|x64
		Debug|x86 = Debug|x86
		Release|Any CPU = Release|Any CPU
		Release|x64 = Release|x64
		Release|x86 = Release|x86
	EndGlobalSection
	GlobalSection(ProjectConfigurationPlatforms) = postSolution
		{1C02DDF5-4623-4608-9A3A-7EB0459F1F64}.Debug|Any CPU.ActiveCfg = Debug|Any CPU
		{1C02DDF5-4623-4608-9A3A-7EB0459F1F64}.Debug|Any CPU.Build.0 = Debug|Any CPU
		{1C02DDF5-4623-4608-9A3A-7EB0459F1F64}.Debug|x64.ActiveCfg = Debug|Any CPU
		{1C02DDF5-4623-4608-9A3A-7EB0459F1F64}.Debug|x64.Build.0 = Debug|Any CPU
		{1C02DDF5-4623-4608-9A3A-7EB0459F1F64}.Debug|x86.ActiveCfg = Debug|Any CPU
		{1C02DDF5-4623-4608-9A3A-7EB0459F1F64}.Debug|x86.Build.0 = Debug|Any CPU
		{1C02DDF5-4623-4608-9A3A-7EB0459F1F64}.Release|Any CPU.ActiveCfg = Release|Any CPU
		{1C02DDF5-4623-4608-9A3A-7EB0459F1F64}.Release|Any CPU.Build.0 = Release|Any CPU
		{1C02DDF5-4623-4608-9A3A-7EB0459F1F64}.Release|x64.ActiveCfg = Release|Any CPU
		{1C02DDF5-4623-4608-9A3A-7EB0459F1F64}.Release|x64.Build.0 = Release|Any CPU
		{1C02DDF5-4623-4608-9A3A-7EB0459F1F64}.Release|x86.ActiveCfg = Release|Any CPU
		{1C02DDF5-4623-4608-9A3A-7EB0459F1F64}.Release|x86.Build.0 = Release|Any CPU
		{4ECD6B58-FE05-4398-91B4-BCC6782B0569}.Debug|Any CPU.ActiveCfg = Debug|Any CPU
		{4ECD6B58-FE05-4398-91B4-BCC6782B0569}.Debug|Any CPU.Build.0 = Debug|Any CPU
		{4ECD6B58-FE05-4398-91B4-BCC6782B0569}.Debug|x64.ActiveCfg = Debug|Any CPU
		{4ECD6B58-FE05-4398-91B4-BCC6782B0569}.Debug|x64.Build.0 = Debug|Any CPU
		{4ECD6B58-FE05-4398-91B4-BCC6782B0569}.Debug|x86.ActiveCfg = Debug|Any CPU
		{4ECD6B58-FE05-4398-91B4-BCC6782B0569}.Debug|x86.Build.0 = Debug|Any CPU
		{4ECD6B58-FE05-4398-91B4-BCC6782B0569}.Release|Any CPU.ActiveCfg = Release|Any CPU
		{4ECD6B58-FE05-4398-91B4-BCC6782B0569}.Release|Any CPU.Build.0 = Release|Any CPU
		{4ECD6B58-FE05-4398-91B4-BCC6782B0569}.Release|x64.ActiveCfg = Release|Any CPU
		{4ECD6B58-FE05-4398-91B4-BCC6782B0569}.Release|x64.Build.0 = Release|Any CPU
		{4ECD6B58-FE05-4398-91B4-BCC6782B0569}.Release|x86.ActiveCfg = Release|Any CPU
		{4ECD6B58-FE05-4398-91B4-BCC6782B0569}.Release|x86.Build.0 = Release|Any CPU
		{8A9DFB9D-CC4D-41D9-951E-19FDBE9C772C}.Debug|Any CPU.ActiveCfg = Debug|Any CPU
		{8A9DFB9D-CC4D-41D9-951E-19FDBE9C772C}.Debug|Any CPU.Build.0 = Debug|Any CPU
		{8A9DFB9D-CC4D-41D9-951E-19FDBE9C772C}.Debug|x64.ActiveCfg = Debug|Any CPU
		{8A9DFB9D-CC4D-41D9-951E-19FDBE9C772C}.Debug|x64.Build.0 = Debug|Any CPU
		{8A9DFB9D-CC4D-41D9-951E-19FDBE9C772C}.Debug|x86.ActiveCfg = Debug|Any CPU
		{8A9DFB9D-CC4D-41D9-951E-19FDBE9C772C}.Debug|x86.Build.0 = Debug|Any CPU
		{8A9DFB9D-CC4D-41D9-951E-19FDBE9C772C}.Release|Any CPU.ActiveCfg = Release|Any CPU
		{8A9DFB9D-CC4D-41D9-951E-19FDBE9C772C}.Release|Any CPU.Build.0 = Release|Any CPU
		{8A9DFB9D-CC4D-41D9-951E-19FDBE9C772C}.Release|x64.ActiveCfg = Release|Any CPU
		{8A9DFB9D-CC4D-41D9-951E-19FDBE9C772C}.Release|x64.Build.0 = Release|Any CPU
		{8A9DFB9D-CC4D-41D9-951E-19FDBE9C772C}.Release|x86.ActiveCfg = Release|Any CPU
		{8A9DFB9D-CC4D-41D9-951E-19FDBE9C772C}.Release|x86.Build.0 = Release|Any CPU
		{17A27AF9-AC1D-4C96-BE8B-23C837478865}.Debug|Any CPU.ActiveCfg = Debug|Any CPU
		{17A27AF9-AC1D-4C96-BE8B-23C837478865}.Debug|Any CPU.Build.0 = Debug|Any CPU
		{17A27AF9-AC1D-4C96-BE8B-23C837478865}.Debug|x64.ActiveCfg = Debug|Any CPU
		{17A27AF9-AC1D-4C96-BE8B-23C837478865}.Debug|x64.Build.0 = Debug|Any CPU
		{17A27AF9-AC1D-4C96-BE8B-23C837478865}.Debug|x86.ActiveCfg = Debug|Any CPU
		{17A27AF9-AC1D-4C96-BE8B-23C837478865}.Debug|x86.Build.0 = Debug|Any CPU
		{17A27AF9-AC1D-4C96-BE8B-23C837478865}.Release|Any CPU.ActiveCfg = Release|Any CPU
		{17A27AF9-AC1D-4C96-BE8B-23C837478865}.Release|Any CPU.Build.0 = Release|Any CPU
		{17A27AF9-AC1D-4C96-BE8B-23C837478865}.Release|x64.ActiveCfg = Release|Any CPU
		{17A27AF9-AC1D-4C96-BE8B-23C837478865}.Release|x64.Build.0 = Release|Any CPU
		{17A27AF9-AC1D-4C96-BE8B-23C837478865}.Release|x86.ActiveCfg = Release|Any CPU
		{17A27AF9-AC1D-4C96-BE8B-23C837478865}.Release|x86.Build.0 = Release|Any CPU
		{1E4669A3-2522-4A51-A310-80B2E2B2DFB4}.Debug|Any CPU.ActiveCfg = Debug|Any CPU
		{1E4669A3-2522-4A51-A310-80B2E2B2DFB4}.Debug|Any CPU.Build.0 = Debug|Any CPU
		{1E4669A3-2522-4A51-A310-80B2E2B2DFB4}.Debug|x64.ActiveCfg = Debug|Any CPU
		{1E4669A3-2522-4A51-A310-80B2E2B2DFB4}.Debug|x64.Build.0 = Debug|Any CPU
		{1E4669A3-2522-4A51-A310-80B2E2B2DFB4}.Debug|x86.ActiveCfg = Debug|Any CPU
		{1E4669A3-2522-4A51-A310-80B2E2B2DFB4}.Debug|x86.Build.0 = Debug|Any CPU
		{1E4669A3-2522-4A51-A310-80B2E2B2DFB4}.Release|Any CPU.ActiveCfg = Release|Any CPU
		{1E4669A3-2522-4A51-A310-80B2E2B2DFB4}.Release|Any CPU.Build.0 = Release|Any CPU
		{1E4669A3-2522-4A51-A310-80B2E2B2DFB4}.Release|x64.ActiveCfg = Release|Any CPU
		{1E4669A3-2522-4A51-A310-80B2E2B2DFB4}.Release|x64.Build.0 = Release|Any CPU
		{1E4669A3-2522-4A51-A310-80B2E2B2DFB4}.Release|x86.ActiveCfg = Release|Any CPU
		{1E4669A3-2522-4A51-A310-80B2E2B2DFB4}.Release|x86.Build.0 = Release|Any CPU
		{F776E579-0480-47E0-8FF7-CBC9183662A0}.Debug|Any CPU.ActiveCfg = Debug|Any CPU
		{F776E579-0480-47E0-8FF7-CBC9183662A0}.Debug|Any CPU.Build.0 = Debug|Any CPU
		{F776E579-0480-47E0-8FF7-CBC9183662A0}.Debug|x64.ActiveCfg = Debug|Any CPU
		{F776E579-0480-47E0-8FF7-CBC9183662A0}.Debug|x64.Build.0 = Debug|Any CPU
		{F776E579-0480-47E0-8FF7-CBC9183662A0}.Debug|x86.ActiveCfg = Debug|Any CPU
		{F776E579-0480-47E0-8FF7-CBC9183662A0}.Debug|x86.Build.0 = Debug|Any CPU
		{F776E579-0480-47E0-8FF7-CBC9183662A0}.Release|Any CPU.ActiveCfg = Release|Any CPU
		{F776E579-0480-47E0-8FF7-CBC9183662A0}.Release|Any CPU.Build.0 = Release|Any CPU
		{F776E579-0480-47E0-8FF7-CBC9183662A0}.Release|x64.ActiveCfg = Release|Any CPU
		{F776E579-0480-47E0-8FF7-CBC9183662A0}.Release|x64.Build.0 = Release|Any CPU
		{F776E579-0480-47E0-8FF7-CBC9183662A0}.Release|x86.ActiveCfg = Release|Any CPU
		{F776E579-0480-47E0-8FF7-CBC9183662A0}.Release|x86.Build.0 = Release|Any CPU
		{E55B1B19-AEE0-47BB-B0C3-71D4455E20AC}.Debug|Any CPU.ActiveCfg = Debug|Any CPU
		{E55B1B19-AEE0-47BB-B0C3-71D4455E20AC}.Debug|Any CPU.Build.0 = Debug|Any CPU
		{E55B1B19-AEE0-47BB-B0C3-71D4455E20AC}.Debug|x64.ActiveCfg = Debug|Any CPU
		{E55B1B19-AEE0-47BB-B0C3-71D4455E20AC}.Debug|x64.Build.0 = Debug|Any CPU
		{E55B1B19-AEE0-47BB-B0C3-71D4455E20AC}.Debug|x86.ActiveCfg = Debug|Any CPU
		{E55B1B19-AEE0-47BB-B0C3-71D4455E20AC}.Debug|x86.Build.0 = Debug|Any CPU
		{E55B1B19-AEE0-47BB-B0C3-71D4455E20AC}.Release|Any CPU.ActiveCfg = Release|Any CPU
		{E55B1B19-AEE0-47BB-B0C3-71D4455E20AC}.Release|Any CPU.Build.0 = Release|Any CPU
		{E55B1B19-AEE0-47BB-B0C3-71D4455E20AC}.Release|x64.ActiveCfg = Release|Any CPU
		{E55B1B19-AEE0-47BB-B0C3-71D4455E20AC}.Release|x64.Build.0 = Release|Any CPU
		{E55B1B19-AEE0-47BB-B0C3-71D4455E20AC}.Release|x86.ActiveCfg = Release|Any CPU
		{E55B1B19-AEE0-47BB-B0C3-71D4455E20AC}.Release|x86.Build.0 = Release|Any CPU
		{2A67B4A9-7126-4054-96BB-DC39C06F131C}.Debug|Any CPU.ActiveCfg = Debug|Any CPU
		{2A67B4A9-7126-4054-96BB-DC39C06F131C}.Debug|Any CPU.Build.0 = Debug|Any CPU
		{2A67B4A9-7126-4054-96BB-DC39C06F131C}.Debug|x64.ActiveCfg = Debug|Any CPU
		{2A67B4A9-7126-4054-96BB-DC39C06F131C}.Debug|x64.Build.0 = Debug|Any CPU
		{2A67B4A9-7126-4054-96BB-DC39C06F131C}.Debug|x86.ActiveCfg = Debug|Any CPU
		{2A67B4A9-7126-4054-96BB-DC39C06F131C}.Debug|x86.Build.0 = Debug|Any CPU
		{2A67B4A9-7126-4054-96BB-DC39C06F131C}.Release|Any CPU.ActiveCfg = Release|Any CPU
		{2A67B4A9-7126-4054-96BB-DC39C06F131C}.Release|Any CPU.Build.0 = Release|Any CPU
		{2A67B4A9-7126-4054-96BB-DC39C06F131C}.Release|x64.ActiveCfg = Release|Any CPU
		{2A67B4A9-7126-4054-96BB-DC39C06F131C}.Release|x64.Build.0 = Release|Any CPU
		{2A67B4A9-7126-4054-96BB-DC39C06F131C}.Release|x86.ActiveCfg = Release|Any CPU
		{2A67B4A9-7126-4054-96BB-DC39C06F131C}.Release|x86.Build.0 = Release|Any CPU
		{24D57A1A-23BF-4895-90D2-9AD46F49880E}.Debug|Any CPU.ActiveCfg = Debug|Any CPU
		{24D57A1A-23BF-4895-90D2-9AD46F49880E}.Debug|Any CPU.Build.0 = Debug|Any CPU
		{24D57A1A-23BF-4895-90D2-9AD46F49880E}.Debug|x64.ActiveCfg = Debug|Any CPU
		{24D57A1A-23BF-4895-90D2-9AD46F49880E}.Debug|x64.Build.0 = Debug|Any CPU
		{24D57A1A-23BF-4895-90D2-9AD46F49880E}.Debug|x86.ActiveCfg = Debug|Any CPU
		{24D57A1A-23BF-4895-90D2-9AD46F49880E}.Debug|x86.Build.0 = Debug|Any CPU
		{24D57A1A-23BF-4895-90D2-9AD46F49880E}.Release|Any CPU.ActiveCfg = Release|Any CPU
		{24D57A1A-23BF-4895-90D2-9AD46F49880E}.Release|Any CPU.Build.0 = Release|Any CPU
		{24D57A1A-23BF-4895-90D2-9AD46F49880E}.Release|x64.ActiveCfg = Release|Any CPU
		{24D57A1A-23BF-4895-90D2-9AD46F49880E}.Release|x64.Build.0 = Release|Any CPU
		{24D57A1A-23BF-4895-90D2-9AD46F49880E}.Release|x86.ActiveCfg = Release|Any CPU
		{24D57A1A-23BF-4895-90D2-9AD46F49880E}.Release|x86.Build.0 = Release|Any CPU
		{08AEB97D-36F2-42D8-B7C1-9E17C71025D2}.Debug|Any CPU.ActiveCfg = Debug|Any CPU
		{08AEB97D-36F2-42D8-B7C1-9E17C71025D2}.Debug|Any CPU.Build.0 = Debug|Any CPU
		{08AEB97D-36F2-42D8-B7C1-9E17C71025D2}.Debug|x64.ActiveCfg = Debug|Any CPU
		{08AEB97D-36F2-42D8-B7C1-9E17C71025D2}.Debug|x64.Build.0 = Debug|Any CPU
		{08AEB97D-36F2-42D8-B7C1-9E17C71025D2}.Debug|x86.ActiveCfg = Debug|Any CPU
		{08AEB97D-36F2-42D8-B7C1-9E17C71025D2}.Debug|x86.Build.0 = Debug|Any CPU
		{08AEB97D-36F2-42D8-B7C1-9E17C71025D2}.Release|Any CPU.ActiveCfg = Release|Any CPU
		{08AEB97D-36F2-42D8-B7C1-9E17C71025D2}.Release|Any CPU.Build.0 = Release|Any CPU
		{08AEB97D-36F2-42D8-B7C1-9E17C71025D2}.Release|x64.ActiveCfg = Release|Any CPU
		{08AEB97D-36F2-42D8-B7C1-9E17C71025D2}.Release|x64.Build.0 = Release|Any CPU
		{08AEB97D-36F2-42D8-B7C1-9E17C71025D2}.Release|x86.ActiveCfg = Release|Any CPU
		{08AEB97D-36F2-42D8-B7C1-9E17C71025D2}.Release|x86.Build.0 = Release|Any CPU
		{C58EAFED-6A82-4D07-8FA1-B266D4678D50}.Debug|Any CPU.ActiveCfg = Debug|Any CPU
		{C58EAFED-6A82-4D07-8FA1-B266D4678D50}.Debug|Any CPU.Build.0 = Debug|Any CPU
		{C58EAFED-6A82-4D07-8FA1-B266D4678D50}.Debug|x64.ActiveCfg = Debug|Any CPU
		{C58EAFED-6A82-4D07-8FA1-B266D4678D50}.Debug|x64.Build.0 = Debug|Any CPU
		{C58EAFED-6A82-4D07-8FA1-B266D4678D50}.Debug|x86.ActiveCfg = Debug|Any CPU
		{C58EAFED-6A82-4D07-8FA1-B266D4678D50}.Debug|x86.Build.0 = Debug|Any CPU
		{C58EAFED-6A82-4D07-8FA1-B266D4678D50}.Release|Any CPU.ActiveCfg = Release|Any CPU
		{C58EAFED-6A82-4D07-8FA1-B266D4678D50}.Release|Any CPU.Build.0 = Release|Any CPU
		{C58EAFED-6A82-4D07-8FA1-B266D4678D50}.Release|x64.ActiveCfg = Release|Any CPU
		{C58EAFED-6A82-4D07-8FA1-B266D4678D50}.Release|x64.Build.0 = Release|Any CPU
		{C58EAFED-6A82-4D07-8FA1-B266D4678D50}.Release|x86.ActiveCfg = Release|Any CPU
		{C58EAFED-6A82-4D07-8FA1-B266D4678D50}.Release|x86.Build.0 = Release|Any CPU
	EndGlobalSection
	GlobalSection(SolutionProperties) = preSolution
		HideSolutionNode = FALSE
	EndGlobalSection
	GlobalSection(NestedProjects) = preSolution
		{8B290487-4C16-E85E-E807-F579CBE9FC4D} = {827E0CD3-B72D-47B6-A68D-7590B98EB39B}
		{1C02DDF5-4623-4608-9A3A-7EB0459F1F64} = {8B290487-4C16-E85E-E807-F579CBE9FC4D}
		{4ECD6B58-FE05-4398-91B4-BCC6782B0569} = {8B290487-4C16-E85E-E807-F579CBE9FC4D}
		{8A9DFB9D-CC4D-41D9-951E-19FDBE9C772C} = {8B290487-4C16-E85E-E807-F579CBE9FC4D}
		{17A27AF9-AC1D-4C96-BE8B-23C837478865} = {8B290487-4C16-E85E-E807-F579CBE9FC4D}
		{1E4669A3-2522-4A51-A310-80B2E2B2DFB4} = {8B290487-4C16-E85E-E807-F579CBE9FC4D}
		{F776E579-0480-47E0-8FF7-CBC9183662A0} = {8B290487-4C16-E85E-E807-F579CBE9FC4D}
		{E55B1B19-AEE0-47BB-B0C3-71D4455E20AC} = {8B290487-4C16-E85E-E807-F579CBE9FC4D}
		{22BAF98C-8415-17C4-B26A-D537657BC863} = {827E0CD3-B72D-47B6-A68D-7590B98EB39B}
		{2A67B4A9-7126-4054-96BB-DC39C06F131C} = {22BAF98C-8415-17C4-B26A-D537657BC863}
		{24D57A1A-23BF-4895-90D2-9AD46F49880E} = {22BAF98C-8415-17C4-B26A-D537657BC863}
		{08AEB97D-36F2-42D8-B7C1-9E17C71025D2} = {22BAF98C-8415-17C4-B26A-D537657BC863}
		{C58EAFED-6A82-4D07-8FA1-B266D4678D50} = {22BAF98C-8415-17C4-B26A-D537657BC863}
	EndGlobalSection
EndGlobal
