
Microsoft Visual Studio Solution File, Format Version 12.00
# Visual Studio Version 17
VisualStudioVersion = 17.0.31903.59
MinimumVisualStudioVersion = 10.0.40219.1
Project("{2150E333-8FDC-42A3-9474-1A3956D46DE8}") = "src", "src", "{827E0CD3-B72D-47B6-A68D-7590B98EB39B}"
EndProject
Project("{2150E333-8FDC-42A3-9474-1A3956D46DE8}") = "Domain", "Domain", "{8B290487-4C16-E85E-E807-F579CBE9FC4D}"
EndProject
Project("{FAE04EC0-301F-11D3-BF4B-00C04F79EFBC}") = "Agents.Domain.Core", "src\Domain\Agents.Domain.Core\Agents.Domain.Core.csproj", "{1C02DDF5-4623-4608-9A3A-7EB0459F1F64}"
EndProject
Project("{FAE04EC0-301F-11D3-BF4B-00C04F79EFBC}") = "Agents.Domain.Notification", "src\Domain\Agents.Domain.Notification\Agents.Domain.Notification.csproj", "{4ECD6B58-FE05-4398-91B4-BCC6782B0569}"
EndProject
Project("{FAE04EC0-301F-11D3-BF4B-00C04F79EFBC}") = "Agents.Domain.DevOps", "src\Domain\Agents.Domain.DevOps\Agents.Domain.DevOps.csproj", "{8A9DFB9D-CC4D-41D9-951E-19FDBE9C772C}"
EndProject
Project("{FAE04EC0-301F-11D3-BF4B-00C04F79EFBC}") = "Agents.Domain.TestPlanning", "src\Domain\Agents.Domain.TestPlanning\Agents.Domain.TestPlanning.csproj", "{17A27AF9-AC1D-4C96-BE8B-23C837478865}"
EndProject
Project("{FAE04EC0-301F-11D3-BF4B-00C04F79EFBC}") = "Agents.Domain.Implementation", "src\Domain\Agents.Domain.Implementation\Agents.Domain.Implementation.csproj", "{1E4669A3-2522-4A51-A310-80B2E2B2DFB4}"
EndProject
Project("{FAE04EC0-301F-11D3-BF4B-00C04F79EFBC}") = "Agents.Domain.PromptRegistry", "src\Domain\Agents.Domain.PromptRegistry\Agents.Domain.PromptRegistry.csproj", "{F776E579-0480-47E0-8FF7-CBC9183662A0}"
EndProject
Project("{FAE04EC0-301F-11D3-BF4B-00C04F79EFBC}") = "Agents.Domain.ServiceDesk", "src\Domain\Agents.Domain.ServiceDesk\Agents.Domain.ServiceDesk.csproj", "{E55B1B19-AEE0-47BB-B0C3-71D4455E20AC}"
EndProject
Project("{2150E333-8FDC-42A3-9474-1A3956D46DE8}") = "Application", "Application", "{22BAF98C-8415-17C4-B26A-D537657BC863}"
EndProject
Project("{FAE04EC0-301F-11D3-BF4B-00C04F79EFBC}") = "Agents.Application.Core", "src\Application\Agents.Application.Core\Agents.Application.Core.csproj", "{2A67B4A9-7126-4054-96BB-DC39C06F131C}"
EndProject
Project("{FAE04EC0-301F-11D3-BF4B-00C04F79EFBC}") = "Agents.Infrastructure.SemanticKernel", "src\Infrastructure\Agents.Infrastructure.SemanticKernel\Agents.Infrastructure.SemanticKernel.csproj", "{24D57A1A-23BF-4895-90D2-9AD46F49880E}"
EndProject
Project("{FAE04EC0-301F-11D3-BF4B-00C04F79EFBC}") = "Agents.Shared.Common", "src\Shared\Agents.Shared.Common\Agents.Shared.Common.csproj", "{08AEB97D-36F2-42D8-B7C1-9E17C71025D2}"
EndProject
Project("{FAE04EC0-301F-11D3-BF4B-00C04F79EFBC}") = "Agents.API.Gateway", "src\Presentation\Agents.API.Gateway\Agents.API.Gateway.csproj", "{C58EAFED-6A82-4D07-8FA1-B266D4678D50}"
EndProject
Project("{2150E333-8FDC-42A3-9474-1A3956D46DE8}") = "Infrastructure", "Infrastructure", "{9048EB7F-3875-A59E-E36B-5BD4C6F2A282}"
EndProject
Project("{FAE04EC0-301F-11D3-BF4B-00C04F79EFBC}") = "Agents.Infrastructure.EventGrid", "src\Infrastructure\Agents.Infrastructure.EventGrid\Agents.Infrastructure.EventGrid.csproj", "{1020CF06-E777-483A-B813-B42B51BAC97A}"
EndProject
Project("{FAE04EC0-301F-11D3-BF4B-00C04F79EFBC}") = "Agents.Infrastructure.EventHub", "src\Infrastructure\Agents.Infrastructure.EventHub\Agents.Infrastructure.EventHub.csproj", "{6E1E40D4-8C63-4970-AF80-EF7BF0E7B332}"
EndProject
Project("{FAE04EC0-301F-11D3-BF4B-00C04F79EFBC}") = "Agents.Infrastructure.ServiceBus", "src\Infrastructure\Agents.Infrastructure.ServiceBus\Agents.Infrastructure.ServiceBus.csproj", "{490C8E61-92B6-45D0-9CE6-30A913E61250}"
EndProject
Project("{FAE04EC0-301F-11D3-BF4B-00C04F79EFBC}") = "Agents.Infrastructure.Prompts", "src\Infrastructure\Agents.Infrastructure.Prompts\Agents.Infrastructure.Prompts.csproj", "{320FBBAE-75E9-4257-BBF2-9EF8769AB3E6}"
EndProject
Project("{FAE04EC0-301F-11D3-BF4B-00C04F79EFBC}") = "Agents.Application.PromptRegistry", "src\Application\Agents.Application.PromptRegistry\Agents.Application.PromptRegistry.csproj", "{698E6DC3-537E-47A7-A974-38B2A75B1E18}"
EndProject
Project("{FAE04EC0-301F-11D3-BF4B-00C04F79EFBC}") = "Agents.Infrastructure.LLM", "src\Infrastructure\Agents.Infrastructure.LLM\Agents.Infrastructure.LLM.csproj", "{1ABCC06C-4438-4606-B115-33477FEA6863}"
EndProject
Project("{FAE04EC0-301F-11D3-BF4B-00C04F79EFBC}") = "Agents.Application.Notification", "src\Application\Agents.Application.Notification\Agents.Application.Notification.csproj", "{28F70A1F-4804-46F2-823C-642F7FB8C2FA}"
EndProject
Project("{FAE04EC0-301F-11D3-BF4B-00C04F79EFBC}") = "Agents.Application.DevOps", "src\Application\Agents.Application.DevOps\Agents.Application.DevOps.csproj", "{BE51F952-E1B5-4DDC-92CC-46B0F6F61177}"
EndProject
Project("{FAE04EC0-301F-11D3-BF4B-00C04F79EFBC}") = "Agents.Application.TestPlanning", "src\Application\Agents.Application.TestPlanning\Agents.Application.TestPlanning.csproj", "{F5B060A3-750E-499D-89F2-0ACEA948CC41}"
EndProject
Project("{FAE04EC0-301F-11D3-BF4B-00C04F79EFBC}") = "Agents.Application.Implementation", "src\Application\Agents.Application.Implementation\Agents.Application.Implementation.csproj", "{17F5AB38-E79D-4BC6-A38C-17C8F6B44B5A}"
EndProject
Project("{FAE04EC0-301F-11D3-BF4B-00C04F79EFBC}") = "Agents.Application.ServiceDesk", "src\Application\Agents.Application.ServiceDesk\Agents.Application.ServiceDesk.csproj", "{24ED35FA-EA3D-45A2-B793-27E4248172CC}"
EndProject
Project("{2150E333-8FDC-42A3-9474-1A3956D46DE8}") = "tests", "tests", "{0AB3BF05-4346-4AA6-1389-037BE0695223}"
EndProject
Project("{FAE04EC0-301F-11D3-BF4B-00C04F79EFBC}") = "Agents.Tests.Unit", "tests\Agents.Tests.Unit\Agents.Tests.Unit.csproj", "{7658FBE5-2361-46AC-92D6-67862323A135}"
EndProject
Project("{2150E333-8FDC-42A3-9474-1A3956D46DE8}") = "Presentation", "Presentation", "{6996BBF7-DB31-59BC-C7DD-9A7CCC6138C4}"
EndProject
Project("{FAE04EC0-301F-11D3-BF4B-00C04F79EFBC}") = "Agents.API.Notification", "src\Presentation\Agents.API.Notification\Agents.API.Notification.csproj", "{1E46717F-CD24-473E-9090-C00D23A239CD}"
EndProject
Project("{FAE04EC0-301F-11D3-BF4B-00C04F79EFBC}") = "Agents.API.DevOps", "src\Presentation\Agents.API.DevOps\Agents.API.DevOps.csproj", "{B5E8AA00-B4ED-4FBA-BC71-8A170301530E}"
EndProject
Project("{FAE04EC0-301F-11D3-BF4B-00C04F79EFBC}") = "Agents.API.TestPlanning", "src\Presentation\Agents.API.TestPlanning\Agents.API.TestPlanning.csproj", "{29DBB9D3-4B79-40BC-A663-F4B0AD88ACF3}"
EndProject
Project("{FAE04EC0-301F-11D3-BF4B-00C04F79EFBC}") = "Agents.API.Implementation", "src\Presentation\Agents.API.Implementation\Agents.API.Implementation.csproj", "{5DD3BF2E-6551-4B87-9ECC-85BF159BE20B}"
EndProject
Project("{FAE04EC0-301F-11D3-BF4B-00C04F79EFBC}") = "Agents.API.ServiceDesk", "src\Presentation\Agents.API.ServiceDesk\Agents.API.ServiceDesk.csproj", "{E77C4032-3BE6-4830-ADF3-12D5868607CA}"
EndProject
Project("{FAE04EC0-301F-11D3-BF4B-00C04F79EFBC}") = "Agents.Infrastructure.Persistence.CosmosDB", "src\Infrastructure\Agents.Infrastructure.Persistence.CosmosDB\Agents.Infrastructure.Persistence.CosmosDB.csproj", "{6311F331-8857-43CC-9BF5-F86EE440C270}"
EndProject
Project("{FAE04EC0-301F-11D3-BF4B-00C04F79EFBC}") = "Agents.Infrastructure.Persistence.SqlServer", "src\Infrastructure\Agents.Infrastructure.Persistence.SqlServer\Agents.Infrastructure.Persistence.SqlServer.csproj", "{75514C33-6F29-4811-8873-7A05F35528E4}"
EndProject
Global
	GlobalSection(SolutionConfigurationPlatforms) = preSolution
		Debug|Any CPU = Debug|Any CPU
		Debug|x64 = Debug|x64
		Debug|x86 = Debug|x86
		Release|Any CPU = Release|Any CPU
		Release|x64 = Release|x64
		Release|x86 = Release|x86
	EndGlobalSection
	GlobalSection(ProjectConfigurationPlatforms) = postSolution
		{1C02DDF5-4623-4608-9A3A-7EB0459F1F64}.Debug|Any CPU.ActiveCfg = Debug|Any CPU
		{1C02DDF5-4623-4608-9A3A-7EB0459F1F64}.Debug|Any CPU.Build.0 = Debug|Any CPU
		{1C02DDF5-4623-4608-9A3A-7EB0459F1F64}.Debug|x64.ActiveCfg = Debug|Any CPU
		{1C02DDF5-4623-4608-9A3A-7EB0459F1F64}.Debug|x64.Build.0 = Debug|Any CPU
		{1C02DDF5-4623-4608-9A3A-7EB0459F1F64}.Debug|x86.ActiveCfg = Debug|Any CPU
		{1C02DDF5-4623-4608-9A3A-7EB0459F1F64}.Debug|x86.Build.0 = Debug|Any CPU
		{1C02DDF5-4623-4608-9A3A-7EB0459F1F64}.Release|Any CPU.ActiveCfg = Release|Any CPU
		{1C02DDF5-4623-4608-9A3A-7EB0459F1F64}.Release|Any CPU.Build.0 = Release|Any CPU
		{1C02DDF5-4623-4608-9A3A-7EB0459F1F64}.Release|x64.ActiveCfg = Release|Any CPU
		{1C02DDF5-4623-4608-9A3A-7EB0459F1F64}.Release|x64.Build.0 = Release|Any CPU
		{1C02DDF5-4623-4608-9A3A-7EB0459F1F64}.Release|x86.ActiveCfg = Release|Any CPU
		{1C02DDF5-4623-4608-9A3A-7EB0459F1F64}.Release|x86.Build.0 = Release|Any CPU
		{4ECD6B58-FE05-4398-91B4-BCC6782B0569}.Debug|Any CPU.ActiveCfg = Debug|Any CPU
		{4ECD6B58-FE05-4398-91B4-BCC6782B0569}.Debug|Any CPU.Build.0 = Debug|Any CPU
		{4ECD6B58-FE05-4398-91B4-BCC6782B0569}.Debug|x64.ActiveCfg = Debug|Any CPU
		{4ECD6B58-FE05-4398-91B4-BCC6782B0569}.Debug|x64.Build.0 = Debug|Any CPU
		{4ECD6B58-FE05-4398-91B4-BCC6782B0569}.Debug|x86.ActiveCfg = Debug|Any CPU
		{4ECD6B58-FE05-4398-91B4-BCC6782B0569}.Debug|x86.Build.0 = Debug|Any CPU
		{4ECD6B58-FE05-4398-91B4-BCC6782B0569}.Release|Any CPU.ActiveCfg = Release|Any CPU
		{4ECD6B58-FE05-4398-91B4-BCC6782B0569}.Release|Any CPU.Build.0 = Release|Any CPU
		{4ECD6B58-FE05-4398-91B4-BCC6782B0569}.Release|x64.ActiveCfg = Release|Any CPU
		{4ECD6B58-FE05-4398-91B4-BCC6782B0569}.Release|x64.Build.0 = Release|Any CPU
		{4ECD6B58-FE05-4398-91B4-BCC6782B0569}.Release|x86.ActiveCfg = Release|Any CPU
		{4ECD6B58-FE05-4398-91B4-BCC6782B0569}.Release|x86.Build.0 = Release|Any CPU
		{8A9DFB9D-CC4D-41D9-951E-19FDBE9C772C}.Debug|Any CPU.ActiveCfg = Debug|Any CPU
		{8A9DFB9D-CC4D-41D9-951E-19FDBE9C772C}.Debug|Any CPU.Build.0 = Debug|Any CPU
		{8A9DFB9D-CC4D-41D9-951E-19FDBE9C772C}.Debug|x64.ActiveCfg = Debug|Any CPU
		{8A9DFB9D-CC4D-41D9-951E-19FDBE9C772C}.Debug|x64.Build.0 = Debug|Any CPU
		{8A9DFB9D-CC4D-41D9-951E-19FDBE9C772C}.Debug|x86.ActiveCfg = Debug|Any CPU
		{8A9DFB9D-CC4D-41D9-951E-19FDBE9C772C}.Debug|x86.Build.0 = Debug|Any CPU
		{8A9DFB9D-CC4D-41D9-951E-19FDBE9C772C}.Release|Any CPU.ActiveCfg = Release|Any CPU
		{8A9DFB9D-CC4D-41D9-951E-19FDBE9C772C}.Release|Any CPU.Build.0 = Release|Any CPU
		{8A9DFB9D-CC4D-41D9-951E-19FDBE9C772C}.Release|x64.ActiveCfg = Release|Any CPU
		{8A9DFB9D-CC4D-41D9-951E-19FDBE9C772C}.Release|x64.Build.0 = Release|Any CPU
		{8A9DFB9D-CC4D-41D9-951E-19FDBE9C772C}.Release|x86.ActiveCfg = Release|Any CPU
		{8A9DFB9D-CC4D-41D9-951E-19FDBE9C772C}.Release|x86.Build.0 = Release|Any CPU
		{17A27AF9-AC1D-4C96-BE8B-23C837478865}.Debug|Any CPU.ActiveCfg = Debug|Any CPU
		{17A27AF9-AC1D-4C96-BE8B-23C837478865}.Debug|Any CPU.Build.0 = Debug|Any CPU
		{17A27AF9-AC1D-4C96-BE8B-23C837478865}.Debug|x64.ActiveCfg = Debug|Any CPU
		{17A27AF9-AC1D-4C96-BE8B-23C837478865}.Debug|x64.Build.0 = Debug|Any CPU
		{17A27AF9-AC1D-4C96-BE8B-23C837478865}.Debug|x86.ActiveCfg = Debug|Any CPU
		{17A27AF9-AC1D-4C96-BE8B-23C837478865}.Debug|x86.Build.0 = Debug|Any CPU
		{17A27AF9-AC1D-4C96-BE8B-23C837478865}.Release|Any CPU.ActiveCfg = Release|Any CPU
		{17A27AF9-AC1D-4C96-BE8B-23C837478865}.Release|Any CPU.Build.0 = Release|Any CPU
		{17A27AF9-AC1D-4C96-BE8B-23C837478865}.Release|x64.ActiveCfg = Release|Any CPU
		{17A27AF9-AC1D-4C96-BE8B-23C837478865}.Release|x64.Build.0 = Release|Any CPU
		{17A27AF9-AC1D-4C96-BE8B-23C837478865}.Release|x86.ActiveCfg = Release|Any CPU
		{17A27AF9-AC1D-4C96-BE8B-23C837478865}.Release|x86.Build.0 = Release|Any CPU
		{1E4669A3-2522-4A51-A310-80B2E2B2DFB4}.Debug|Any CPU.ActiveCfg = Debug|Any CPU
		{1E4669A3-2522-4A51-A310-80B2E2B2DFB4}.Debug|Any CPU.Build.0 = Debug|Any CPU
		{1E4669A3-2522-4A51-A310-80B2E2B2DFB4}.Debug|x64.ActiveCfg = Debug|Any CPU
		{1E4669A3-2522-4A51-A310-80B2E2B2DFB4}.Debug|x64.Build.0 = Debug|Any CPU
		{1E4669A3-2522-4A51-A310-80B2E2B2DFB4}.Debug|x86.ActiveCfg = Debug|Any CPU
		{1E4669A3-2522-4A51-A310-80B2E2B2DFB4}.Debug|x86.Build.0 = Debug|Any CPU
		{1E4669A3-2522-4A51-A310-80B2E2B2DFB4}.Release|Any CPU.ActiveCfg = Release|Any CPU
		{1E4669A3-2522-4A51-A310-80B2E2B2DFB4}.Release|Any CPU.Build.0 = Release|Any CPU
		{1E4669A3-2522-4A51-A310-80B2E2B2DFB4}.Release|x64.ActiveCfg = Release|Any CPU
		{1E4669A3-2522-4A51-A310-80B2E2B2DFB4}.Release|x64.Build.0 = Release|Any CPU
		{1E4669A3-2522-4A51-A310-80B2E2B2DFB4}.Release|x86.ActiveCfg = Release|Any CPU
		{1E4669A3-2522-4A51-A310-80B2E2B2DFB4}.Release|x86.Build.0 = Release|Any CPU
		{F776E579-0480-47E0-8FF7-CBC9183662A0}.Debug|Any CPU.ActiveCfg = Debug|Any CPU
		{F776E579-0480-47E0-8FF7-CBC9183662A0}.Debug|Any CPU.Build.0 = Debug|Any CPU
		{F776E579-0480-47E0-8FF7-CBC9183662A0}.Debug|x64.ActiveCfg = Debug|Any CPU
		{F776E579-0480-47E0-8FF7-CBC9183662A0}.Debug|x64.Build.0 = Debug|Any CPU
		{F776E579-0480-47E0-8FF7-CBC9183662A0}.Debug|x86.ActiveCfg = Debug|Any CPU
		{F776E579-0480-47E0-8FF7-CBC9183662A0}.Debug|x86.Build.0 = Debug|Any CPU
		{F776E579-0480-47E0-8FF7-CBC9183662A0}.Release|Any CPU.ActiveCfg = Release|Any CPU
		{F776E579-0480-47E0-8FF7-CBC9183662A0}.Release|Any CPU.Build.0 = Release|Any CPU
		{F776E579-0480-47E0-8FF7-CBC9183662A0}.Release|x64.ActiveCfg = Release|Any CPU
		{F776E579-0480-47E0-8FF7-CBC9183662A0}.Release|x64.Build.0 = Release|Any CPU
		{F776E579-0480-47E0-8FF7-CBC9183662A0}.Release|x86.ActiveCfg = Release|Any CPU
		{F776E579-0480-47E0-8FF7-CBC9183662A0}.Release|x86.Build.0 = Release|Any CPU
		{E55B1B19-AEE0-47BB-B0C3-71D4455E20AC}.Debug|Any CPU.ActiveCfg = Debug|Any CPU
		{E55B1B19-AEE0-47BB-B0C3-71D4455E20AC}.Debug|Any CPU.Build.0 = Debug|Any CPU
		{E55B1B19-AEE0-47BB-B0C3-71D4455E20AC}.Debug|x64.ActiveCfg = Debug|Any CPU
		{E55B1B19-AEE0-47BB-B0C3-71D4455E20AC}.Debug|x64.Build.0 = Debug|Any CPU
		{E55B1B19-AEE0-47BB-B0C3-71D4455E20AC}.Debug|x86.ActiveCfg = Debug|Any CPU
		{E55B1B19-AEE0-47BB-B0C3-71D4455E20AC}.Debug|x86.Build.0 = Debug|Any CPU
		{E55B1B19-AEE0-47BB-B0C3-71D4455E20AC}.Release|Any CPU.ActiveCfg = Release|Any CPU
		{E55B1B19-AEE0-47BB-B0C3-71D4455E20AC}.Release|Any CPU.Build.0 = Release|Any CPU
		{E55B1B19-AEE0-47BB-B0C3-71D4455E20AC}.Release|x64.ActiveCfg = Release|Any CPU
		{E55B1B19-AEE0-47BB-B0C3-71D4455E20AC}.Release|x64.Build.0 = Release|Any CPU
		{E55B1B19-AEE0-47BB-B0C3-71D4455E20AC}.Release|x86.ActiveCfg = Release|Any CPU
		{E55B1B19-AEE0-47BB-B0C3-71D4455E20AC}.Release|x86.Build.0 = Release|Any CPU
		{2A67B4A9-7126-4054-96BB-DC39C06F131C}.Debug|Any CPU.ActiveCfg = Debug|Any CPU
		{2A67B4A9-7126-4054-96BB-DC39C06F131C}.Debug|Any CPU.Build.0 = Debug|Any CPU
		{2A67B4A9-7126-4054-96BB-DC39C06F131C}.Debug|x64.ActiveCfg = Debug|Any CPU
		{2A67B4A9-7126-4054-96BB-DC39C06F131C}.Debug|x64.Build.0 = Debug|Any CPU
		{2A67B4A9-7126-4054-96BB-DC39C06F131C}.Debug|x86.ActiveCfg = Debug|Any CPU
		{2A67B4A9-7126-4054-96BB-DC39C06F131C}.Debug|x86.Build.0 = Debug|Any CPU
		{2A67B4A9-7126-4054-96BB-DC39C06F131C}.Release|Any CPU.ActiveCfg = Release|Any CPU
		{2A67B4A9-7126-4054-96BB-DC39C06F131C}.Release|Any CPU.Build.0 = Release|Any CPU
		{2A67B4A9-7126-4054-96BB-DC39C06F131C}.Release|x64.ActiveCfg = Release|Any CPU
		{2A67B4A9-7126-4054-96BB-DC39C06F131C}.Release|x64.Build.0 = Release|Any CPU
		{2A67B4A9-7126-4054-96BB-DC39C06F131C}.Release|x86.ActiveCfg = Release|Any CPU
		{2A67B4A9-7126-4054-96BB-DC39C06F131C}.Release|x86.Build.0 = Release|Any CPU
		{24D57A1A-23BF-4895-90D2-9AD46F49880E}.Debug|Any CPU.ActiveCfg = Debug|Any CPU
		{24D57A1A-23BF-4895-90D2-9AD46F49880E}.Debug|Any CPU.Build.0 = Debug|Any CPU
		{24D57A1A-23BF-4895-90D2-9AD46F49880E}.Debug|x64.ActiveCfg = Debug|Any CPU
		{24D57A1A-23BF-4895-90D2-9AD46F49880E}.Debug|x64.Build.0 = Debug|Any CPU
		{24D57A1A-23BF-4895-90D2-9AD46F49880E}.Debug|x86.ActiveCfg = Debug|Any CPU
		{24D57A1A-23BF-4895-90D2-9AD46F49880E}.Debug|x86.Build.0 = Debug|Any CPU
		{24D57A1A-23BF-4895-90D2-9AD46F49880E}.Release|Any CPU.ActiveCfg = Release|Any CPU
		{24D57A1A-23BF-4895-90D2-9AD46F49880E}.Release|Any CPU.Build.0 = Release|Any CPU
		{24D57A1A-23BF-4895-90D2-9AD46F49880E}.Release|x64.ActiveCfg = Release|Any CPU
		{24D57A1A-23BF-4895-90D2-9AD46F49880E}.Release|x64.Build.0 = Release|Any CPU
		{24D57A1A-23BF-4895-90D2-9AD46F49880E}.Release|x86.ActiveCfg = Release|Any CPU
		{24D57A1A-23BF-4895-90D2-9AD46F49880E}.Release|x86.Build.0 = Release|Any CPU
		{08AEB97D-36F2-42D8-B7C1-9E17C71025D2}.Debug|Any CPU.ActiveCfg = Debug|Any CPU
		{08AEB97D-36F2-42D8-B7C1-9E17C71025D2}.Debug|Any CPU.Build.0 = Debug|Any CPU
		{08AEB97D-36F2-42D8-B7C1-9E17C71025D2}.Debug|x64.ActiveCfg = Debug|Any CPU
		{08AEB97D-36F2-42D8-B7C1-9E17C71025D2}.Debug|x64.Build.0 = Debug|Any CPU
		{08AEB97D-36F2-42D8-B7C1-9E17C71025D2}.Debug|x86.ActiveCfg = Debug|Any CPU
		{08AEB97D-36F2-42D8-B7C1-9E17C71025D2}.Debug|x86.Build.0 = Debug|Any CPU
		{08AEB97D-36F2-42D8-B7C1-9E17C71025D2}.Release|Any CPU.ActiveCfg = Release|Any CPU
		{08AEB97D-36F2-42D8-B7C1-9E17C71025D2}.Release|Any CPU.Build.0 = Release|Any CPU
		{08AEB97D-36F2-42D8-B7C1-9E17C71025D2}.Release|x64.ActiveCfg = Release|Any CPU
		{08AEB97D-36F2-42D8-B7C1-9E17C71025D2}.Release|x64.Build.0 = Release|Any CPU
		{08AEB97D-36F2-42D8-B7C1-9E17C71025D2}.Release|x86.ActiveCfg = Release|Any CPU
		{08AEB97D-36F2-42D8-B7C1-9E17C71025D2}.Release|x86.Build.0 = Release|Any CPU
		{C58EAFED-6A82-4D07-8FA1-B266D4678D50}.Debug|Any CPU.ActiveCfg = Debug|Any CPU
		{C58EAFED-6A82-4D07-8FA1-B266D4678D50}.Debug|Any CPU.Build.0 = Debug|Any CPU
		{C58EAFED-6A82-4D07-8FA1-B266D4678D50}.Debug|x64.ActiveCfg = Debug|Any CPU
		{C58EAFED-6A82-4D07-8FA1-B266D4678D50}.Debug|x64.Build.0 = Debug|Any CPU
		{C58EAFED-6A82-4D07-8FA1-B266D4678D50}.Debug|x86.ActiveCfg = Debug|Any CPU
		{C58EAFED-6A82-4D07-8FA1-B266D4678D50}.Debug|x86.Build.0 = Debug|Any CPU
		{C58EAFED-6A82-4D07-8FA1-B266D4678D50}.Release|Any CPU.ActiveCfg = Release|Any CPU
		{C58EAFED-6A82-4D07-8FA1-B266D4678D50}.Release|Any CPU.Build.0 = Release|Any CPU
		{C58EAFED-6A82-4D07-8FA1-B266D4678D50}.Release|x64.ActiveCfg = Release|Any CPU
		{C58EAFED-6A82-4D07-8FA1-B266D4678D50}.Release|x64.Build.0 = Release|Any CPU
		{C58EAFED-6A82-4D07-8FA1-B266D4678D50}.Release|x86.ActiveCfg = Release|Any CPU
		{C58EAFED-6A82-4D07-8FA1-B266D4678D50}.Release|x86.Build.0 = Release|Any CPU
		{1020CF06-E777-483A-B813-B42B51BAC97A}.Debug|Any CPU.ActiveCfg = Debug|Any CPU
		{1020CF06-E777-483A-B813-B42B51BAC97A}.Debug|Any CPU.Build.0 = Debug|Any CPU
		{1020CF06-E777-483A-B813-B42B51BAC97A}.Debug|x64.ActiveCfg = Debug|Any CPU
		{1020CF06-E777-483A-B813-B42B51BAC97A}.Debug|x64.Build.0 = Debug|Any CPU
		{1020CF06-E777-483A-B813-B42B51BAC97A}.Debug|x86.ActiveCfg = Debug|Any CPU
		{1020CF06-E777-483A-B813-B42B51BAC97A}.Debug|x86.Build.0 = Debug|Any CPU
		{1020CF06-E777-483A-B813-B42B51BAC97A}.Release|Any CPU.ActiveCfg = Release|Any CPU
		{1020CF06-E777-483A-B813-B42B51BAC97A}.Release|Any CPU.Build.0 = Release|Any CPU
		{1020CF06-E777-483A-B813-B42B51BAC97A}.Release|x64.ActiveCfg = Release|Any CPU
		{1020CF06-E777-483A-B813-B42B51BAC97A}.Release|x64.Build.0 = Release|Any CPU
		{1020CF06-E777-483A-B813-B42B51BAC97A}.Release|x86.ActiveCfg = Release|Any CPU
		{1020CF06-E777-483A-B813-B42B51BAC97A}.Release|x86.Build.0 = Release|Any CPU
		{6E1E40D4-8C63-4970-AF80-EF7BF0E7B332}.Debug|Any CPU.ActiveCfg = Debug|Any CPU
		{6E1E40D4-8C63-4970-AF80-EF7BF0E7B332}.Debug|Any CPU.Build.0 = Debug|Any CPU
		{6E1E40D4-8C63-4970-AF80-EF7BF0E7B332}.Debug|x64.ActiveCfg = Debug|Any CPU
		{6E1E40D4-8C63-4970-AF80-EF7BF0E7B332}.Debug|x64.Build.0 = Debug|Any CPU
		{6E1E40D4-8C63-4970-AF80-EF7BF0E7B332}.Debug|x86.ActiveCfg = Debug|Any CPU
		{6E1E40D4-8C63-4970-AF80-EF7BF0E7B332}.Debug|x86.Build.0 = Debug|Any CPU
		{6E1E40D4-8C63-4970-AF80-EF7BF0E7B332}.Release|Any CPU.ActiveCfg = Release|Any CPU
		{6E1E40D4-8C63-4970-AF80-EF7BF0E7B332}.Release|Any CPU.Build.0 = Release|Any CPU
		{6E1E40D4-8C63-4970-AF80-EF7BF0E7B332}.Release|x64.ActiveCfg = Release|Any CPU
		{6E1E40D4-8C63-4970-AF80-EF7BF0E7B332}.Release|x64.Build.0 = Release|Any CPU
		{6E1E40D4-8C63-4970-AF80-EF7BF0E7B332}.Release|x86.ActiveCfg = Release|Any CPU
		{6E1E40D4-8C63-4970-AF80-EF7BF0E7B332}.Release|x86.Build.0 = Release|Any CPU
		{490C8E61-92B6-45D0-9CE6-30A913E61250}.Debug|Any CPU.ActiveCfg = Debug|Any CPU
		{490C8E61-92B6-45D0-9CE6-30A913E61250}.Debug|Any CPU.Build.0 = Debug|Any CPU
		{490C8E61-92B6-45D0-9CE6-30A913E61250}.Debug|x64.ActiveCfg = Debug|Any CPU
		{490C8E61-92B6-45D0-9CE6-30A913E61250}.Debug|x64.Build.0 = Debug|Any CPU
		{490C8E61-92B6-45D0-9CE6-30A913E61250}.Debug|x86.ActiveCfg = Debug|Any CPU
		{490C8E61-92B6-45D0-9CE6-30A913E61250}.Debug|x86.Build.0 = Debug|Any CPU
		{490C8E61-92B6-45D0-9CE6-30A913E61250}.Release|Any CPU.ActiveCfg = Release|Any CPU
		{490C8E61-92B6-45D0-9CE6-30A913E61250}.Release|Any CPU.Build.0 = Release|Any CPU
		{490C8E61-92B6-45D0-9CE6-30A913E61250}.Release|x64.ActiveCfg = Release|Any CPU
		{490C8E61-92B6-45D0-9CE6-30A913E61250}.Release|x64.Build.0 = Release|Any CPU
		{490C8E61-92B6-45D0-9CE6-30A913E61250}.Release|x86.ActiveCfg = Release|Any CPU
		{490C8E61-92B6-45D0-9CE6-30A913E61250}.Release|x86.Build.0 = Release|Any CPU
		{320FBBAE-75E9-4257-BBF2-9EF8769AB3E6}.Debug|Any CPU.ActiveCfg = Debug|Any CPU
		{320FBBAE-75E9-4257-BBF2-9EF8769AB3E6}.Debug|Any CPU.Build.0 = Debug|Any CPU
		{320FBBAE-75E9-4257-BBF2-9EF8769AB3E6}.Debug|x64.ActiveCfg = Debug|Any CPU
		{320FBBAE-75E9-4257-BBF2-9EF8769AB3E6}.Debug|x64.Build.0 = Debug|Any CPU
		{320FBBAE-75E9-4257-BBF2-9EF8769AB3E6}.Debug|x86.ActiveCfg = Debug|Any CPU
		{320FBBAE-75E9-4257-BBF2-9EF8769AB3E6}.Debug|x86.Build.0 = Debug|Any CPU
		{320FBBAE-75E9-4257-BBF2-9EF8769AB3E6}.Release|Any CPU.ActiveCfg = Release|Any CPU
		{320FBBAE-75E9-4257-BBF2-9EF8769AB3E6}.Release|Any CPU.Build.0 = Release|Any CPU
		{320FBBAE-75E9-4257-BBF2-9EF8769AB3E6}.Release|x64.ActiveCfg = Release|Any CPU
		{320FBBAE-75E9-4257-BBF2-9EF8769AB3E6}.Release|x64.Build.0 = Release|Any CPU
		{320FBBAE-75E9-4257-BBF2-9EF8769AB3E6}.Release|x86.ActiveCfg = Release|Any CPU
		{320FBBAE-75E9-4257-BBF2-9EF8769AB3E6}.Release|x86.Build.0 = Release|Any CPU
		{698E6DC3-537E-47A7-A974-38B2A75B1E18}.Debug|Any CPU.ActiveCfg = Debug|Any CPU
		{698E6DC3-537E-47A7-A974-38B2A75B1E18}.Debug|Any CPU.Build.0 = Debug|Any CPU
		{698E6DC3-537E-47A7-A974-38B2A75B1E18}.Debug|x64.ActiveCfg = Debug|Any CPU
		{698E6DC3-537E-47A7-A974-38B2A75B1E18}.Debug|x64.Build.0 = Debug|Any CPU
		{698E6DC3-537E-47A7-A974-38B2A75B1E18}.Debug|x86.ActiveCfg = Debug|Any CPU
		{698E6DC3-537E-47A7-A974-38B2A75B1E18}.Debug|x86.Build.0 = Debug|Any CPU
		{698E6DC3-537E-47A7-A974-38B2A75B1E18}.Release|Any CPU.ActiveCfg = Release|Any CPU
		{698E6DC3-537E-47A7-A974-38B2A75B1E18}.Release|Any CPU.Build.0 = Release|Any CPU
		{698E6DC3-537E-47A7-A974-38B2A75B1E18}.Release|x64.ActiveCfg = Release|Any CPU
		{698E6DC3-537E-47A7-A974-38B2A75B1E18}.Release|x64.Build.0 = Release|Any CPU
		{698E6DC3-537E-47A7-A974-38B2A75B1E18}.Release|x86.ActiveCfg = Release|Any CPU
		{698E6DC3-537E-47A7-A974-38B2A75B1E18}.Release|x86.Build.0 = Release|Any CPU
		{1ABCC06C-4438-4606-B115-33477FEA6863}.Debug|Any CPU.ActiveCfg = Debug|Any CPU
		{1ABCC06C-4438-4606-B115-33477FEA6863}.Debug|Any CPU.Build.0 = Debug|Any CPU
		{1ABCC06C-4438-4606-B115-33477FEA6863}.Debug|x64.ActiveCfg = Debug|Any CPU
		{1ABCC06C-4438-4606-B115-33477FEA6863}.Debug|x64.Build.0 = Debug|Any CPU
		{1ABCC06C-4438-4606-B115-33477FEA6863}.Debug|x86.ActiveCfg = Debug|Any CPU
		{1ABCC06C-4438-4606-B115-33477FEA6863}.Debug|x86.Build.0 = Debug|Any CPU
		{1ABCC06C-4438-4606-B115-33477FEA6863}.Release|Any CPU.ActiveCfg = Release|Any CPU
		{1ABCC06C-4438-4606-B115-33477FEA6863}.Release|Any CPU.Build.0 = Release|Any CPU
		{1ABCC06C-4438-4606-B115-33477FEA6863}.Release|x64.ActiveCfg = Release|Any CPU
		{1ABCC06C-4438-4606-B115-33477FEA6863}.Release|x64.Build.0 = Release|Any CPU
		{1ABCC06C-4438-4606-B115-33477FEA6863}.Release|x86.ActiveCfg = Release|Any CPU
		{1ABCC06C-4438-4606-B115-33477FEA6863}.Release|x86.Build.0 = Release|Any CPU
		{28F70A1F-4804-46F2-823C-642F7FB8C2FA}.Debug|Any CPU.ActiveCfg = Debug|Any CPU
		{28F70A1F-4804-46F2-823C-642F7FB8C2FA}.Debug|Any CPU.Build.0 = Debug|Any CPU
		{28F70A1F-4804-46F2-823C-642F7FB8C2FA}.Debug|x64.ActiveCfg = Debug|Any CPU
		{28F70A1F-4804-46F2-823C-642F7FB8C2FA}.Debug|x64.Build.0 = Debug|Any CPU
		{28F70A1F-4804-46F2-823C-642F7FB8C2FA}.Debug|x86.ActiveCfg = Debug|Any CPU
		{28F70A1F-4804-46F2-823C-642F7FB8C2FA}.Debug|x86.Build.0 = Debug|Any CPU
		{28F70A1F-4804-46F2-823C-642F7FB8C2FA}.Release|Any CPU.ActiveCfg = Release|Any CPU
		{28F70A1F-4804-46F2-823C-642F7FB8C2FA}.Release|Any CPU.Build.0 = Release|Any CPU
		{28F70A1F-4804-46F2-823C-642F7FB8C2FA}.Release|x64.ActiveCfg = Release|Any CPU
		{28F70A1F-4804-46F2-823C-642F7FB8C2FA}.Release|x64.Build.0 = Release|Any CPU
		{28F70A1F-4804-46F2-823C-642F7FB8C2FA}.Release|x86.ActiveCfg = Release|Any CPU
		{28F70A1F-4804-46F2-823C-642F7FB8C2FA}.Release|x86.Build.0 = Release|Any CPU
		{BE51F952-E1B5-4DDC-92CC-46B0F6F61177}.Debug|Any CPU.ActiveCfg = Debug|Any CPU
		{BE51F952-E1B5-4DDC-92CC-46B0F6F61177}.Debug|Any CPU.Build.0 = Debug|Any CPU
		{BE51F952-E1B5-4DDC-92CC-46B0F6F61177}.Debug|x64.ActiveCfg = Debug|Any CPU
		{BE51F952-E1B5-4DDC-92CC-46B0F6F61177}.Debug|x64.Build.0 = Debug|Any CPU
		{BE51F952-E1B5-4DDC-92CC-46B0F6F61177}.Debug|x86.ActiveCfg = Debug|Any CPU
		{BE51F952-E1B5-4DDC-92CC-46B0F6F61177}.Debug|x86.Build.0 = Debug|Any CPU
		{BE51F952-E1B5-4DDC-92CC-46B0F6F61177}.Release|Any CPU.ActiveCfg = Release|Any CPU
		{BE51F952-E1B5-4DDC-92CC-46B0F6F61177}.Release|Any CPU.Build.0 = Release|Any CPU
		{BE51F952-E1B5-4DDC-92CC-46B0F6F61177}.Release|x64.ActiveCfg = Release|Any CPU
		{BE51F952-E1B5-4DDC-92CC-46B0F6F61177}.Release|x64.Build.0 = Release|Any CPU
		{BE51F952-E1B5-4DDC-92CC-46B0F6F61177}.Release|x86.ActiveCfg = Release|Any CPU
		{BE51F952-E1B5-4DDC-92CC-46B0F6F61177}.Release|x86.Build.0 = Release|Any CPU
		{F5B060A3-750E-499D-89F2-0ACEA948CC41}.Debug|Any CPU.ActiveCfg = Debug|Any CPU
		{F5B060A3-750E-499D-89F2-0ACEA948CC41}.Debug|Any CPU.Build.0 = Debug|Any CPU
		{F5B060A3-750E-499D-89F2-0ACEA948CC41}.Debug|x64.ActiveCfg = Debug|Any CPU
		{F5B060A3-750E-499D-89F2-0ACEA948CC41}.Debug|x64.Build.0 = Debug|Any CPU
		{F5B060A3-750E-499D-89F2-0ACEA948CC41}.Debug|x86.ActiveCfg = Debug|Any CPU
		{F5B060A3-750E-499D-89F2-0ACEA948CC41}.Debug|x86.Build.0 = Debug|Any CPU
		{F5B060A3-750E-499D-89F2-0ACEA948CC41}.Release|Any CPU.ActiveCfg = Release|Any CPU
		{F5B060A3-750E-499D-89F2-0ACEA948CC41}.Release|Any CPU.Build.0 = Release|Any CPU
		{F5B060A3-750E-499D-89F2-0ACEA948CC41}.Release|x64.ActiveCfg = Release|Any CPU
		{F5B060A3-750E-499D-89F2-0ACEA948CC41}.Release|x64.Build.0 = Release|Any CPU
		{F5B060A3-750E-499D-89F2-0ACEA948CC41}.Release|x86.ActiveCfg = Release|Any CPU
		{F5B060A3-750E-499D-89F2-0ACEA948CC41}.Release|x86.Build.0 = Release|Any CPU
		{17F5AB38-E79D-4BC6-A38C-17C8F6B44B5A}.Debug|Any CPU.ActiveCfg = Debug|Any CPU
		{17F5AB38-E79D-4BC6-A38C-17C8F6B44B5A}.Debug|Any CPU.Build.0 = Debug|Any CPU
		{17F5AB38-E79D-4BC6-A38C-17C8F6B44B5A}.Debug|x64.ActiveCfg = Debug|Any CPU
		{17F5AB38-E79D-4BC6-A38C-17C8F6B44B5A}.Debug|x64.Build.0 = Debug|Any CPU
		{17F5AB38-E79D-4BC6-A38C-17C8F6B44B5A}.Debug|x86.ActiveCfg = Debug|Any CPU
		{17F5AB38-E79D-4BC6-A38C-17C8F6B44B5A}.Debug|x86.Build.0 = Debug|Any CPU
		{17F5AB38-E79D-4BC6-A38C-17C8F6B44B5A}.Release|Any CPU.ActiveCfg = Release|Any CPU
		{17F5AB38-E79D-4BC6-A38C-17C8F6B44B5A}.Release|Any CPU.Build.0 = Release|Any CPU
		{17F5AB38-E79D-4BC6-A38C-17C8F6B44B5A}.Release|x64.ActiveCfg = Release|Any CPU
		{17F5AB38-E79D-4BC6-A38C-17C8F6B44B5A}.Release|x64.Build.0 = Release|Any CPU
		{17F5AB38-E79D-4BC6-A38C-17C8F6B44B5A}.Release|x86.ActiveCfg = Release|Any CPU
		{17F5AB38-E79D-4BC6-A38C-17C8F6B44B5A}.Release|x86.Build.0 = Release|Any CPU
		{24ED35FA-EA3D-45A2-B793-27E4248172CC}.Debug|Any CPU.ActiveCfg = Debug|Any CPU
		{24ED35FA-EA3D-45A2-B793-27E4248172CC}.Debug|Any CPU.Build.0 = Debug|Any CPU
		{24ED35FA-EA3D-45A2-B793-27E4248172CC}.Debug|x64.ActiveCfg = Debug|Any CPU
		{24ED35FA-EA3D-45A2-B793-27E4248172CC}.Debug|x64.Build.0 = Debug|Any CPU
		{24ED35FA-EA3D-45A2-B793-27E4248172CC}.Debug|x86.ActiveCfg = Debug|Any CPU
		{24ED35FA-EA3D-45A2-B793-27E4248172CC}.Debug|x86.Build.0 = Debug|Any CPU
		{24ED35FA-EA3D-45A2-B793-27E4248172CC}.Release|Any CPU.ActiveCfg = Release|Any CPU
		{24ED35FA-EA3D-45A2-B793-27E4248172CC}.Release|Any CPU.Build.0 = Release|Any CPU
		{24ED35FA-EA3D-45A2-B793-27E4248172CC}.Release|x64.ActiveCfg = Release|Any CPU
		{24ED35FA-EA3D-45A2-B793-27E4248172CC}.Release|x64.Build.0 = Release|Any CPU
		{24ED35FA-EA3D-45A2-B793-27E4248172CC}.Release|x86.ActiveCfg = Release|Any CPU
		{24ED35FA-EA3D-45A2-B793-27E4248172CC}.Release|x86.Build.0 = Release|Any CPU
		{7658FBE5-2361-46AC-92D6-67862323A135}.Debug|Any CPU.ActiveCfg = Debug|Any CPU
		{7658FBE5-2361-46AC-92D6-67862323A135}.Debug|Any CPU.Build.0 = Debug|Any CPU
		{7658FBE5-2361-46AC-92D6-67862323A135}.Debug|x64.ActiveCfg = Debug|Any CPU
		{7658FBE5-2361-46AC-92D6-67862323A135}.Debug|x64.Build.0 = Debug|Any CPU
		{7658FBE5-2361-46AC-92D6-67862323A135}.Debug|x86.ActiveCfg = Debug|Any CPU
		{7658FBE5-2361-46AC-92D6-67862323A135}.Debug|x86.Build.0 = Debug|Any CPU
		{7658FBE5-2361-46AC-92D6-67862323A135}.Release|Any CPU.ActiveCfg = Release|Any CPU
		{7658FBE5-2361-46AC-92D6-67862323A135}.Release|Any CPU.Build.0 = Release|Any CPU
		{7658FBE5-2361-46AC-92D6-67862323A135}.Release|x64.ActiveCfg = Release|Any CPU
		{7658FBE5-2361-46AC-92D6-67862323A135}.Release|x64.Build.0 = Release|Any CPU
		{7658FBE5-2361-46AC-92D6-67862323A135}.Release|x86.ActiveCfg = Release|Any CPU
		{7658FBE5-2361-46AC-92D6-67862323A135}.Release|x86.Build.0 = Release|Any CPU
		{1E46717F-CD24-473E-9090-C00D23A239CD}.Debug|Any CPU.ActiveCfg = Debug|Any CPU
		{1E46717F-CD24-473E-9090-C00D23A239CD}.Debug|Any CPU.Build.0 = Debug|Any CPU
		{1E46717F-CD24-473E-9090-C00D23A239CD}.Debug|x64.ActiveCfg = Debug|Any CPU
		{1E46717F-CD24-473E-9090-C00D23A239CD}.Debug|x64.Build.0 = Debug|Any CPU
		{1E46717F-CD24-473E-9090-C00D23A239CD}.Debug|x86.ActiveCfg = Debug|Any CPU
		{1E46717F-CD24-473E-9090-C00D23A239CD}.Debug|x86.Build.0 = Debug|Any CPU
		{1E46717F-CD24-473E-9090-C00D23A239CD}.Release|Any CPU.ActiveCfg = Release|Any CPU
		{1E46717F-CD24-473E-9090-C00D23A239CD}.Release|Any CPU.Build.0 = Release|Any CPU
		{1E46717F-CD24-473E-9090-C00D23A239CD}.Release|x64.ActiveCfg = Release|Any CPU
		{1E46717F-CD24-473E-9090-C00D23A239CD}.Release|x64.Build.0 = Release|Any CPU
		{1E46717F-CD24-473E-9090-C00D23A239CD}.Release|x86.ActiveCfg = Release|Any CPU
		{1E46717F-CD24-473E-9090-C00D23A239CD}.Release|x86.Build.0 = Release|Any CPU
		{B5E8AA00-B4ED-4FBA-BC71-8A170301530E}.Debug|Any CPU.ActiveCfg = Debug|Any CPU
		{B5E8AA00-B4ED-4FBA-BC71-8A170301530E}.Debug|Any CPU.Build.0 = Debug|Any CPU
		{B5E8AA00-B4ED-4FBA-BC71-8A170301530E}.Debug|x64.ActiveCfg = Debug|Any CPU
		{B5E8AA00-B4ED-4FBA-BC71-8A170301530E}.Debug|x64.Build.0 = Debug|Any CPU
		{B5E8AA00-B4ED-4FBA-BC71-8A170301530E}.Debug|x86.ActiveCfg = Debug|Any CPU
		{B5E8AA00-B4ED-4FBA-BC71-8A170301530E}.Debug|x86.Build.0 = Debug|Any CPU
		{B5E8AA00-B4ED-4FBA-BC71-8A170301530E}.Release|Any CPU.ActiveCfg = Release|Any CPU
		{B5E8AA00-B4ED-4FBA-BC71-8A170301530E}.Release|Any CPU.Build.0 = Release|Any CPU
		{B5E8AA00-B4ED-4FBA-BC71-8A170301530E}.Release|x64.ActiveCfg = Release|Any CPU
		{B5E8AA00-B4ED-4FBA-BC71-8A170301530E}.Release|x64.Build.0 = Release|Any CPU
		{B5E8AA00-B4ED-4FBA-BC71-8A170301530E}.Release|x86.ActiveCfg = Release|Any CPU
		{B5E8AA00-B4ED-4FBA-BC71-8A170301530E}.Release|x86.Build.0 = Release|Any CPU
		{29DBB9D3-4B79-40BC-A663-F4B0AD88ACF3}.Debug|Any CPU.ActiveCfg = Debug|Any CPU
		{29DBB9D3-4B79-40BC-A663-F4B0AD88ACF3}.Debug|Any CPU.Build.0 = Debug|Any CPU
		{29DBB9D3-4B79-40BC-A663-F4B0AD88ACF3}.Debug|x64.ActiveCfg = Debug|Any CPU
		{29DBB9D3-4B79-40BC-A663-F4B0AD88ACF3}.Debug|x64.Build.0 = Debug|Any CPU
		{29DBB9D3-4B79-40BC-A663-F4B0AD88ACF3}.Debug|x86.ActiveCfg = Debug|Any CPU
		{29DBB9D3-4B79-40BC-A663-F4B0AD88ACF3}.Debug|x86.Build.0 = Debug|Any CPU
		{29DBB9D3-4B79-40BC-A663-F4B0AD88ACF3}.Release|Any CPU.ActiveCfg = Release|Any CPU
		{29DBB9D3-4B79-40BC-A663-F4B0AD88ACF3}.Release|Any CPU.Build.0 = Release|Any CPU
		{29DBB9D3-4B79-40BC-A663-F4B0AD88ACF3}.Release|x64.ActiveCfg = Release|Any CPU
		{29DBB9D3-4B79-40BC-A663-F4B0AD88ACF3}.Release|x64.Build.0 = Release|Any CPU
		{29DBB9D3-4B79-40BC-A663-F4B0AD88ACF3}.Release|x86.ActiveCfg = Release|Any CPU
		{29DBB9D3-4B79-40BC-A663-F4B0AD88ACF3}.Release|x86.Build.0 = Release|Any CPU
		{5DD3BF2E-6551-4B87-9ECC-85BF159BE20B}.Debug|Any CPU.ActiveCfg = Debug|Any CPU
		{5DD3BF2E-6551-4B87-9ECC-85BF159BE20B}.Debug|Any CPU.Build.0 = Debug|Any CPU
		{5DD3BF2E-6551-4B87-9ECC-85BF159BE20B}.Debug|x64.ActiveCfg = Debug|Any CPU
		{5DD3BF2E-6551-4B87-9ECC-85BF159BE20B}.Debug|x64.Build.0 = Debug|Any CPU
		{5DD3BF2E-6551-4B87-9ECC-85BF159BE20B}.Debug|x86.ActiveCfg = Debug|Any CPU
		{5DD3BF2E-6551-4B87-9ECC-85BF159BE20B}.Debug|x86.Build.0 = Debug|Any CPU
		{5DD3BF2E-6551-4B87-9ECC-85BF159BE20B}.Release|Any CPU.ActiveCfg = Release|Any CPU
		{5DD3BF2E-6551-4B87-9ECC-85BF159BE20B}.Release|Any CPU.Build.0 = Release|Any CPU
		{5DD3BF2E-6551-4B87-9ECC-85BF159BE20B}.Release|x64.ActiveCfg = Release|Any CPU
		{5DD3BF2E-6551-4B87-9ECC-85BF159BE20B}.Release|x64.Build.0 = Release|Any CPU
		{5DD3BF2E-6551-4B87-9ECC-85BF159BE20B}.Release|x86.ActiveCfg = Release|Any CPU
		{5DD3BF2E-6551-4B87-9ECC-85BF159BE20B}.Release|x86.Build.0 = Release|Any CPU
		{E77C4032-3BE6-4830-ADF3-12D5868607CA}.Debug|Any CPU.ActiveCfg = Debug|Any CPU
		{E77C4032-3BE6-4830-ADF3-12D5868607CA}.Debug|Any CPU.Build.0 = Debug|Any CPU
		{E77C4032-3BE6-4830-ADF3-12D5868607CA}.Debug|x64.ActiveCfg = Debug|Any CPU
		{E77C4032-3BE6-4830-ADF3-12D5868607CA}.Debug|x64.Build.0 = Debug|Any CPU
		{E77C4032-3BE6-4830-ADF3-12D5868607CA}.Debug|x86.ActiveCfg = Debug|Any CPU
		{E77C4032-3BE6-4830-ADF3-12D5868607CA}.Debug|x86.Build.0 = Debug|Any CPU
		{E77C4032-3BE6-4830-ADF3-12D5868607CA}.Release|Any CPU.ActiveCfg = Release|Any CPU
		{E77C4032-3BE6-4830-ADF3-12D5868607CA}.Release|Any CPU.Build.0 = Release|Any CPU
		{E77C4032-3BE6-4830-ADF3-12D5868607CA}.Release|x64.ActiveCfg = Release|Any CPU
		{E77C4032-3BE6-4830-ADF3-12D5868607CA}.Release|x64.Build.0 = Release|Any CPU
		{E77C4032-3BE6-4830-ADF3-12D5868607CA}.Release|x86.ActiveCfg = Release|Any CPU
		{E77C4032-3BE6-4830-ADF3-12D5868607CA}.Release|x86.Build.0 = Release|Any CPU
		{6311F331-8857-43CC-9BF5-F86EE440C270}.Debug|Any CPU.ActiveCfg = Debug|Any CPU
		{6311F331-8857-43CC-9BF5-F86EE440C270}.Debug|Any CPU.Build.0 = Debug|Any CPU
		{6311F331-8857-43CC-9BF5-F86EE440C270}.Debug|x64.ActiveCfg = Debug|Any CPU
		{6311F331-8857-43CC-9BF5-F86EE440C270}.Debug|x64.Build.0 = Debug|Any CPU
		{6311F331-8857-43CC-9BF5-F86EE440C270}.Debug|x86.ActiveCfg = Debug|Any CPU
		{6311F331-8857-43CC-9BF5-F86EE440C270}.Debug|x86.Build.0 = Debug|Any CPU
		{6311F331-8857-43CC-9BF5-F86EE440C270}.Release|Any CPU.ActiveCfg = Release|Any CPU
		{6311F331-8857-43CC-9BF5-F86EE440C270}.Release|Any CPU.Build.0 = Release|Any CPU
		{6311F331-8857-43CC-9BF5-F86EE440C270}.Release|x64.ActiveCfg = Release|Any CPU
		{6311F331-8857-43CC-9BF5-F86EE440C270}.Release|x64.Build.0 = Release|Any CPU
		{6311F331-8857-43CC-9BF5-F86EE440C270}.Release|x86.ActiveCfg = Release|Any CPU
		{6311F331-8857-43CC-9BF5-F86EE440C270}.Release|x86.Build.0 = Release|Any CPU
		{75514C33-6F29-4811-8873-7A05F35528E4}.Debug|Any CPU.ActiveCfg = Debug|Any CPU
		{75514C33-6F29-4811-8873-7A05F35528E4}.Debug|Any CPU.Build.0 = Debug|Any CPU
		{75514C33-6F29-4811-8873-7A05F35528E4}.Debug|x64.ActiveCfg = Debug|Any CPU
		{75514C33-6F29-4811-8873-7A05F35528E4}.Debug|x64.Build.0 = Debug|Any CPU
		{75514C33-6F29-4811-8873-7A05F35528E4}.Debug|x86.ActiveCfg = Debug|Any CPU
		{75514C33-6F29-4811-8873-7A05F35528E4}.Debug|x86.Build.0 = Debug|Any CPU
		{75514C33-6F29-4811-8873-7A05F35528E4}.Release|Any CPU.ActiveCfg = Release|Any CPU
		{75514C33-6F29-4811-8873-7A05F35528E4}.Release|Any CPU.Build.0 = Release|Any CPU
		{75514C33-6F29-4811-8873-7A05F35528E4}.Release|x64.ActiveCfg = Release|Any CPU
		{75514C33-6F29-4811-8873-7A05F35528E4}.Release|x64.Build.0 = Release|Any CPU
		{75514C33-6F29-4811-8873-7A05F35528E4}.Release|x86.ActiveCfg = Release|Any CPU
		{75514C33-6F29-4811-8873-7A05F35528E4}.Release|x86.Build.0 = Release|Any CPU
	EndGlobalSection
	GlobalSection(SolutionProperties) = preSolution
		HideSolutionNode = FALSE
	EndGlobalSection
	GlobalSection(NestedProjects) = preSolution
		{8B290487-4C16-E85E-E807-F579CBE9FC4D} = {827E0CD3-B72D-47B6-A68D-7590B98EB39B}
		{1C02DDF5-4623-4608-9A3A-7EB0459F1F64} = {8B290487-4C16-E85E-E807-F579CBE9FC4D}
		{4ECD6B58-FE05-4398-91B4-BCC6782B0569} = {8B290487-4C16-E85E-E807-F579CBE9FC4D}
		{8A9DFB9D-CC4D-41D9-951E-19FDBE9C772C} = {8B290487-4C16-E85E-E807-F579CBE9FC4D}
		{17A27AF9-AC1D-4C96-BE8B-23C837478865} = {8B290487-4C16-E85E-E807-F579CBE9FC4D}
		{1E4669A3-2522-4A51-A310-80B2E2B2DFB4} = {8B290487-4C16-E85E-E807-F579CBE9FC4D}
		{F776E579-0480-47E0-8FF7-CBC9183662A0} = {8B290487-4C16-E85E-E807-F579CBE9FC4D}
		{E55B1B19-AEE0-47BB-B0C3-71D4455E20AC} = {8B290487-4C16-E85E-E807-F579CBE9FC4D}
		{22BAF98C-8415-17C4-B26A-D537657BC863} = {827E0CD3-B72D-47B6-A68D-7590B98EB39B}
		{2A67B4A9-7126-4054-96BB-DC39C06F131C} = {22BAF98C-8415-17C4-B26A-D537657BC863}
		{24D57A1A-23BF-4895-90D2-9AD46F49880E} = {22BAF98C-8415-17C4-B26A-D537657BC863}
		{08AEB97D-36F2-42D8-B7C1-9E17C71025D2} = {22BAF98C-8415-17C4-B26A-D537657BC863}
		{C58EAFED-6A82-4D07-8FA1-B266D4678D50} = {22BAF98C-8415-17C4-B26A-D537657BC863}
		{9048EB7F-3875-A59E-E36B-5BD4C6F2A282} = {827E0CD3-B72D-47B6-A68D-7590B98EB39B}
		{1020CF06-E777-483A-B813-B42B51BAC97A} = {9048EB7F-3875-A59E-E36B-5BD4C6F2A282}
		{6E1E40D4-8C63-4970-AF80-EF7BF0E7B332} = {9048EB7F-3875-A59E-E36B-5BD4C6F2A282}
		{490C8E61-92B6-45D0-9CE6-30A913E61250} = {9048EB7F-3875-A59E-E36B-5BD4C6F2A282}
		{320FBBAE-75E9-4257-BBF2-9EF8769AB3E6} = {9048EB7F-3875-A59E-E36B-5BD4C6F2A282}
		{698E6DC3-537E-47A7-A974-38B2A75B1E18} = {22BAF98C-8415-17C4-B26A-D537657BC863}
		{1ABCC06C-4438-4606-B115-33477FEA6863} = {9048EB7F-3875-A59E-E36B-5BD4C6F2A282}
		{28F70A1F-4804-46F2-823C-642F7FB8C2FA} = {22BAF98C-8415-17C4-B26A-D537657BC863}
		{BE51F952-E1B5-4DDC-92CC-46B0F6F61177} = {22BAF98C-8415-17C4-B26A-D537657BC863}
		{F5B060A3-750E-499D-89F2-0ACEA948CC41} = {22BAF98C-8415-17C4-B26A-D537657BC863}
		{17F5AB38-E79D-4BC6-A38C-17C8F6B44B5A} = {22BAF98C-8415-17C4-B26A-D537657BC863}
		{24ED35FA-EA3D-45A2-B793-27E4248172CC} = {22BAF98C-8415-17C4-B26A-D537657BC863}
		{7658FBE5-2361-46AC-92D6-67862323A135} = {0AB3BF05-4346-4AA6-1389-037BE0695223}
		{6996BBF7-DB31-59BC-C7DD-9A7CCC6138C4} = {827E0CD3-B72D-47B6-A68D-7590B98EB39B}
		{1E46717F-CD24-473E-9090-C00D23A239CD} = {6996BBF7-DB31-59BC-C7DD-9A7CCC6138C4}
		{B5E8AA00-B4ED-4FBA-BC71-8A170301530E} = {6996BBF7-DB31-59BC-C7DD-9A7CCC6138C4}
		{29DBB9D3-4B79-40BC-A663-F4B0AD88ACF3} = {6996BBF7-DB31-59BC-C7DD-9A7CCC6138C4}
		{5DD3BF2E-6551-4B87-9ECC-85BF159BE20B} = {6996BBF7-DB31-59BC-C7DD-9A7CCC6138C4}
		{E77C4032-3BE6-4830-ADF3-12D5868607CA} = {6996BBF7-DB31-59BC-C7DD-9A7CCC6138C4}
		{6311F331-8857-43CC-9BF5-F86EE440C270} = {9048EB7F-3875-A59E-E36B-5BD4C6F2A282}
		{75514C33-6F29-4811-8873-7A05F35528E4} = {9048EB7F-3875-A59E-E36B-5BD4C6F2A282}
	EndGlobalSection
EndGlobal
